
Microsoft Visual Studio Solution File, Format Version 12.00
# Visual Studio 15
VisualStudioVersion = 15.0.26124.0
MinimumVisualStudioVersion = 15.0.26124.0
Project("{FAE04EC0-301F-11D3-BF4B-00C04F79EFBC}") = "API", "API\API.csproj", "{799848B2-1D4C-480E-8A32-69BFC1D6F859}"
EndProject
Project("{FAE04EC0-301F-11D3-BF4B-00C04F79EFBC}") = "Application", "Application\Application.csproj", "{5A7EEBD9-B2EE-46E8-B231-A1AF7E3F2FCA}"
EndProject
Project("{FAE04EC0-301F-11D3-BF4B-00C04F79EFBC}") = "Persistance", "Persistance\Persistance.csproj", "{4279DBFA-28C5-46B1-AB45-61F12F3ED691}"
EndProject
Project("{FAE04EC0-301F-11D3-BF4B-00C04F79EFBC}") = "Domain", "Domain\Domain.csproj", "{C9E89674-D51D-42EA-BEED-17C190DC588C}"
EndProject
Global
	GlobalSection(SolutionConfigurationPlatforms) = preSolution
		Debug|Any CPU = Debug|Any CPU
		Debug|x64 = Debug|x64
		Debug|x86 = Debug|x86
		Release|Any CPU = Release|Any CPU
		Release|x64 = Release|x64
		Release|x86 = Release|x86
	EndGlobalSection
	GlobalSection(SolutionProperties) = preSolution
		HideSolutionNode = FALSE
	EndGlobalSection
	GlobalSection(ProjectConfigurationPlatforms) = postSolution
		{799848B2-1D4C-480E-8A32-69BFC1D6F859}.Debug|Any CPU.ActiveCfg = Debug|Any CPU
		{799848B2-1D4C-480E-8A32-69BFC1D6F859}.Debug|Any CPU.Build.0 = Debug|Any CPU
		{799848B2-1D4C-480E-8A32-69BFC1D6F859}.Debug|x64.ActiveCfg = Debug|Any CPU
		{799848B2-1D4C-480E-8A32-69BFC1D6F859}.Debug|x64.Build.0 = Debug|Any CPU
		{799848B2-1D4C-480E-8A32-69BFC1D6F859}.Debug|x86.ActiveCfg = Debug|Any CPU
		{799848B2-1D4C-480E-8A32-69BFC1D6F859}.Debug|x86.Build.0 = Debug|Any CPU
		{799848B2-1D4C-480E-8A32-69BFC1D6F859}.Release|Any CPU.ActiveCfg = Release|Any CPU
		{799848B2-1D4C-480E-8A32-69BFC1D6F859}.Release|Any CPU.Build.0 = Release|Any CPU
		{799848B2-1D4C-480E-8A32-69BFC1D6F859}.Release|x64.ActiveCfg = Release|Any CPU
		{799848B2-1D4C-480E-8A32-69BFC1D6F859}.Release|x64.Build.0 = Release|Any CPU
		{799848B2-1D4C-480E-8A32-69BFC1D6F859}.Release|x86.ActiveCfg = Release|Any CPU
		{799848B2-1D4C-480E-8A32-69BFC1D6F859}.Release|x86.Build.0 = Release|Any CPU
		{5A7EEBD9-B2EE-46E8-B231-A1AF7E3F2FCA}.Debug|Any CPU.ActiveCfg = Debug|Any CPU
		{5A7EEBD9-B2EE-46E8-B231-A1AF7E3F2FCA}.Debug|Any CPU.Build.0 = Debug|Any CPU
		{5A7EEBD9-B2EE-46E8-B231-A1AF7E3F2FCA}.Debug|x64.ActiveCfg = Debug|Any CPU
		{5A7EEBD9-B2EE-46E8-B231-A1AF7E3F2FCA}.Debug|x64.Build.0 = Debug|Any CPU
		{5A7EEBD9-B2EE-46E8-B231-A1AF7E3F2FCA}.Debug|x86.ActiveCfg = Debug|Any CPU
		{5A7EEBD9-B2EE-46E8-B231-A1AF7E3F2FCA}.Debug|x86.Build.0 = Debug|Any CPU
		{5A7EEBD9-B2EE-46E8-B231-A1AF7E3F2FCA}.Release|Any CPU.ActiveCfg = Release|Any CPU
		{5A7EEBD9-B2EE-46E8-B231-A1AF7E3F2FCA}.Release|Any CPU.Build.0 = Release|Any CPU
		{5A7EEBD9-B2EE-46E8-B231-A1AF7E3F2FCA}.Release|x64.ActiveCfg = Release|Any CPU
		{5A7EEBD9-B2EE-46E8-B231-A1AF7E3F2FCA}.Release|x64.Build.0 = Release|Any CPU
		{5A7EEBD9-B2EE-46E8-B231-A1AF7E3F2FCA}.Release|x86.ActiveCfg = Release|Any CPU
		{5A7EEBD9-B2EE-46E8-B231-A1AF7E3F2FCA}.Release|x86.Build.0 = Release|Any CPU
		{4279DBFA-28C5-46B1-AB45-61F12F3ED691}.Debug|Any CPU.ActiveCfg = Debug|Any CPU
		{4279DBFA-28C5-46B1-AB45-61F12F3ED691}.Debug|Any CPU.Build.0 = Debug|Any CPU
		{4279DBFA-28C5-46B1-AB45-61F12F3ED691}.Debug|x64.ActiveCfg = Debug|Any CPU
		{4279DBFA-28C5-46B1-AB45-61F12F3ED691}.Debug|x64.Build.0 = Debug|Any CPU
		{4279DBFA-28C5-46B1-AB45-61F12F3ED691}.Debug|x86.ActiveCfg = Debug|Any CPU
		{4279DBFA-28C5-46B1-AB45-61F12F3ED691}.Debug|x86.Build.0 = Debug|Any CPU
		{4279DBFA-28C5-46B1-AB45-61F12F3ED691}.Release|Any CPU.ActiveCfg = Release|Any CPU
		{4279DBFA-28C5-46B1-AB45-61F12F3ED691}.Release|Any CPU.Build.0 = Release|Any CPU
		{4279DBFA-28C5-46B1-AB45-61F12F3ED691}.Release|x64.ActiveCfg = Release|Any CPU
		{4279DBFA-28C5-46B1-AB45-61F12F3ED691}.Release|x64.Build.0 = Release|Any CPU
		{4279DBFA-28C5-46B1-AB45-61F12F3ED691}.Release|x86.ActiveCfg = Release|Any CPU
		{4279DBFA-28C5-46B1-AB45-61F12F3ED691}.Release|x86.Build.0 = Release|Any CPU
		{C9E89674-D51D-42EA-BEED-17C190DC588C}.Debug|Any CPU.ActiveCfg = Debug|Any CPU
		{C9E89674-D51D-42EA-BEED-17C190DC588C}.Debug|Any CPU.Build.0 = Debug|Any CPU
		{C9E89674-D51D-42EA-BEED-17C190DC588C}.Debug|x64.ActiveCfg = Debug|Any CPU
		{C9E89674-D51D-42EA-BEED-17C190DC588C}.Debug|x64.Build.0 = Debug|Any CPU
		{C9E89674-D51D-42EA-BEED-17C190DC588C}.Debug|x86.ActiveCfg = Debug|Any CPU
		{C9E89674-D51D-42EA-BEED-17C190DC588C}.Debug|x86.Build.0 = Debug|Any CPU
		{C9E89674-D51D-42EA-BEED-17C190DC588C}.Release|Any CPU.ActiveCfg = Release|Any CPU
		{C9E89674-D51D-42EA-BEED-17C190DC588C}.Release|Any CPU.Build.0 = Release|Any CPU
		{C9E89674-D51D-42EA-BEED-17C190DC588C}.Release|x64.ActiveCfg = Release|Any CPU
		{C9E89674-D51D-42EA-BEED-17C190DC588C}.Release|x64.Build.0 = Release|Any CPU
		{C9E89674-D51D-42EA-BEED-17C190DC588C}.Release|x86.ActiveCfg = Release|Any CPU
		{C9E89674-D51D-42EA-BEED-17C190DC588C}.Release|x86.Build.0 = Release|Any CPU
	EndGlobalSection
EndGlobal
